
Microsoft Visual Studio Solution File, Format Version 12.00
# Visual Studio Version 17
VisualStudioVersion = 17.14.36616.10 d17.14
MinimumVisualStudioVersion = 10.0.40219.1
Project("{FAE04EC0-301F-11D3-BF4B-00C04F79EFBC}") = "ConsoleApp15", "ConsoleApp15\ConsoleApp15.csproj", "{63AC8100-342D-4FFE-8058-483C2039CF97}"
EndProject
Global
	GlobalSection(SolutionConfigurationPlatforms) = preSolution
		Debug|Any CPU = Debug|Any CPU
		Release|Any CPU = Release|Any CPU
	EndGlobalSection
	GlobalSection(ProjectConfigurationPlatforms) = postSolution
		{63AC8100-342D-4FFE-8058-483C2039CF97}.Debug|Any CPU.ActiveCfg = Debug|Any CPU
		{63AC8100-342D-4FFE-8058-483C2039CF97}.Debug|Any CPU.Build.0 = Debug|Any CPU
		{63AC8100-342D-4FFE-8058-483C2039CF97}.Release|Any CPU.ActiveCfg = Release|Any CPU
		{63AC8100-342D-4FFE-8058-483C2039CF97}.Release|Any CPU.Build.0 = Release|Any CPU
	EndGlobalSection
	GlobalSection(SolutionProperties) = preSolution
		HideSolutionNode = FALSE
	EndGlobalSection
	GlobalSection(ExtensibilityGlobals) = postSolution
		SolutionGuid = {9B07820B-6E86-49C9-88EB-644E269DCC6E}
	EndGlobalSection
EndGlobal
